
Microsoft Visual Studio Solution File, Format Version 12.00
# Visual Studio Version 16
VisualStudioVersion = 16.0.30523.141
MinimumVisualStudioVersion = 10.0.40219.1
Project("{8BC9CEB8-8B4A-11D0-8D11-00A0C91BC942}") = "OpsokExternal", "OpsokExternal.vcxproj", "{FDC5A1DA-7E33-4226-9E6E-1095EE67B7C8}"
EndProject
Global
	GlobalSection(SolutionConfigurationPlatforms) = preSolution
		Debug|x64 = Debug|x64
		Debug|x86 = Debug|x86
		Release|x64 = Release|x64
		Release|x86 = Release|x86
	EndGlobalSection
	GlobalSection(ProjectConfigurationPlatforms) = postSolution
		{FDC5A1DA-7E33-4226-9E6E-1095EE67B7C8}.Debug|x64.ActiveCfg = Debug|x64
		{FDC5A1DA-7E33-4226-9E6E-1095EE67B7C8}.Debug|x64.Build.0 = Debug|x64
		{FDC5A1DA-7E33-4226-9E6E-1095EE67B7C8}.Debug|x86.ActiveCfg = Debug|Win32
		{FDC5A1DA-7E33-4226-9E6E-1095EE67B7C8}.Debug|x86.Build.0 = Debug|Win32
		{FDC5A1DA-7E33-4226-9E6E-1095EE67B7C8}.Release|x64.ActiveCfg = Release|x64
		{FDC5A1DA-7E33-4226-9E6E-1095EE67B7C8}.Release|x64.Build.0 = Release|x64
		{FDC5A1DA-7E33-4226-9E6E-1095EE67B7C8}.Release|x86.ActiveCfg = Release|Win32
		{FDC5A1DA-7E33-4226-9E6E-1095EE67B7C8}.Release|x86.Build.0 = Release|Win32
	EndGlobalSection
	GlobalSection(SolutionProperties) = preSolution
		HideSolutionNode = FALSE
	EndGlobalSection
	GlobalSection(ExtensibilityGlobals) = postSolution
		SolutionGuid = {FC13FACB-366E-4A9E-8E4D-39C61E5F0AB1}
	EndGlobalSection
EndGlobal
